# THIS IS AN AUTOGENERATED FILE. DO NOT EDIT THIS FILE DIRECTLY.
# yarn lockfile v1


"@angularclass/hmr@^2.1.3":
  version "2.1.3"
  resolved "https://registry.yarnpkg.com/@angularclass/hmr/-/hmr-2.1.3.tgz#34e658ed3da37f23b0a200e2da5a89be92bb209f"

ajv@^5.0.0:
  version "5.5.2"
  resolved "https://registry.yarnpkg.com/ajv/-/ajv-5.5.2.tgz#73b5eeca3fab653e3d3f9422b341ad42205dc965"
  dependencies:
    co "^4.6.0"
    fast-deep-equal "^1.0.0"
    fast-json-stable-stringify "^2.0.0"
    json-schema-traverse "^0.3.0"

big.js@^3.1.3:
  version "3.2.0"
  resolved "https://registry.yarnpkg.com/big.js/-/big.js-3.2.0.tgz#a5fc298b81b9e0dca2e458824784b65c52ba588e"

bootstrap@next:
  version "4.0.0-beta.3"
  resolved "https://registry.yarnpkg.com/bootstrap/-/bootstrap-4.0.0-beta.3.tgz#60f0660bc3d121176514b361f6f83201c7ff8874"

co@^4.6.0:
  version "4.6.0"
  resolved "https://registry.yarnpkg.com/co/-/co-4.6.0.tgz#6ea6bdf3d853ae54ccb8e47bfa0bf3f9031fb184"

emojis-list@^2.0.0:
  version "2.1.0"
  resolved "https://registry.yarnpkg.com/emojis-list/-/emojis-list-2.1.0.tgz#4daa4d9db00f9819880c79fa457ae5b09a1fd389"

fast-deep-equal@^1.0.0:
  version "1.0.0"
  resolved "https://registry.yarnpkg.com/fast-deep-equal/-/fast-deep-equal-1.0.0.tgz#96256a3bc975595eb36d82e9929d060d893439ff"

fast-json-stable-stringify@^2.0.0:
  version "2.0.0"
  resolved "https://registry.yarnpkg.com/fast-json-stable-stringify/-/fast-json-stable-stringify-2.0.0.tgz#d5142c0caee6b1189f87d3a76111064f86c8bbf2"

font-awesome@^4.7.0:
  version "4.7.0"
  resolved "https://registry.yarnpkg.com/font-awesome/-/font-awesome-4.7.0.tgz#8fa8cf0411a1a31afd07b06d2902bb9fc815a133"

jquery@^3.2.1:
  version "3.2.1"
  resolved "https://registry.yarnpkg.com/jquery/-/jquery-3.2.1.tgz#5c4d9de652af6cd0a770154a631bba12b015c787"

json-formatter-js@^2.2.0:
  version "2.2.0"
  resolved "https://registry.yarnpkg.com/json-formatter-js/-/json-formatter-js-2.2.0.tgz#1ed987223ef2f1d945304597faae78b580a8212b"

json-schema-traverse@^0.3.0:
  version "0.3.1"
  resolved "https://registry.yarnpkg.com/json-schema-traverse/-/json-schema-traverse-0.3.1.tgz#349a6d44c53a51de89b40805c5d5e59b417d3340"

json5@^0.5.0:
  version "0.5.1"
  resolved "https://registry.yarnpkg.com/json5/-/json5-0.5.1.tgz#1eade7acc012034ad84e2396767ead9fa5495821"

loader-utils@^1.0.2:
  version "1.1.0"
  resolved "https://registry.yarnpkg.com/loader-utils/-/loader-utils-1.1.0.tgz#c98aef488bcceda2ffb5e2de646d6a754429f5cd"
  dependencies:
    big.js "^3.1.3"
    emojis-list "^2.0.0"
    json5 "^0.5.0"

lodash@^4.17.4:
  version "4.17.4"
  resolved "https://registry.yarnpkg.com/lodash/-/lodash-4.17.4.tgz#78203a4d1c328ae1d86dca6460e369b57f4055ae"

popper.js@^1.12.9:
  version "1.12.9"
  resolved "https://registry.yarnpkg.com/popper.js/-/popper.js-1.12.9.tgz#0dfbc2dff96c451bb332edcfcfaaf566d331d5b3"

rxjs@^5.5.6:
  version "5.5.6"
  resolved "https://registry.yarnpkg.com/rxjs/-/rxjs-5.5.6.tgz#e31fb96d6fd2ff1fd84bcea8ae9c02d007179c02"
  dependencies:
    symbol-observable "1.0.1"

schema-utils@^0.3.0:
  version "0.3.0"
  resolved "https://registry.yarnpkg.com/schema-utils/-/schema-utils-0.3.0.tgz#f5877222ce3e931edae039f17eb3716e7137f8cf"
  dependencies:
    ajv "^5.0.0"

style-loader@^0.19.1:
  version "0.19.1"
  resolved "https://registry.yarnpkg.com/style-loader/-/style-loader-0.19.1.tgz#591ffc80bcefe268b77c5d9ebc0505d772619f85"
  dependencies:
    loader-utils "^1.0.2"
    schema-utils "^0.3.0"

symbol-observable@1.0.1:
  version "1.0.1"
  resolved "https://registry.yarnpkg.com/symbol-observable/-/symbol-observable-1.0.1.tgz#8340fc4702c3122df5d22288f88283f513d3fdd4"
